
Microsoft Visual Studio Solution File, Format Version 11.00
# Visual Studio 2010
Project("{FAE04EC0-301F-11D3-BF4B-00C04F79EFBC}") = "Assembly-CSharp", "Assembly-CSharp.csproj", "{960CF627-33D5-91A8-6D24-789B95366B43}"
EndProject
Project("{FAE04EC0-301F-11D3-BF4B-00C04F79EFBC}") = "Oculus.VR", "Oculus.VR.csproj", "{5D89F409-8D98-AEE9-CDCE-4E7ED2D118C8}"
EndProject
Project("{FAE04EC0-301F-11D3-BF4B-00C04F79EFBC}") = "Oculus.Platform", "Oculus.Platform.csproj", "{68E3FA35-EA9A-EBAE-21AD-BDCEA748D05C}"
EndProject
Project("{FAE04EC0-301F-11D3-BF4B-00C04F79EFBC}") = "Assembly-CSharp-Editor", "Assembly-CSharp-Editor.csproj", "{46D23856-FAA6-0EFB-8512-0925EDE62841}"
EndProject
Project("{FAE04EC0-301F-11D3-BF4B-00C04F79EFBC}") = "Oculus.VR.Scripts.Editor", "Oculus.VR.Scripts.Editor.csproj", "{578B1AF3-76DB-AF1E-2058-8116A9D3F143}"
EndProject
Project("{FAE04EC0-301F-11D3-BF4B-00C04F79EFBC}") = "Oculus.VR.Editor", "Oculus.VR.Editor.csproj", "{E292FE93-A4DA-2A14-5541-21A4031F6B54}"
EndProject
Project("{FAE04EC0-301F-11D3-BF4B-00C04F79EFBC}") = "Oculus.Platform.Editor", "Oculus.Platform.Editor.csproj", "{DE298950-9B07-5701-2FD4-6B7FC90E5A33}"
EndProject
Global
	GlobalSection(SolutionConfigurationPlatforms) = preSolution
		Debug|Any CPU = Debug|Any CPU
		Release|Any CPU = Release|Any CPU
	EndGlobalSection
	GlobalSection(ProjectConfigurationPlatforms) = postSolution
		{960CF627-33D5-91A8-6D24-789B95366B43}.Debug|Any CPU.ActiveCfg = Debug|Any CPU
		{960CF627-33D5-91A8-6D24-789B95366B43}.Debug|Any CPU.Build.0 = Debug|Any CPU
		{960CF627-33D5-91A8-6D24-789B95366B43}.Release|Any CPU.ActiveCfg = Release|Any CPU
		{960CF627-33D5-91A8-6D24-789B95366B43}.Release|Any CPU.Build.0 = Release|Any CPU
		{5D89F409-8D98-AEE9-CDCE-4E7ED2D118C8}.Debug|Any CPU.ActiveCfg = Debug|Any CPU
		{5D89F409-8D98-AEE9-CDCE-4E7ED2D118C8}.Debug|Any CPU.Build.0 = Debug|Any CPU
		{5D89F409-8D98-AEE9-CDCE-4E7ED2D118C8}.Release|Any CPU.ActiveCfg = Release|Any CPU
		{5D89F409-8D98-AEE9-CDCE-4E7ED2D118C8}.Release|Any CPU.Build.0 = Release|Any CPU
		{68E3FA35-EA9A-EBAE-21AD-BDCEA748D05C}.Debug|Any CPU.ActiveCfg = Debug|Any CPU
		{68E3FA35-EA9A-EBAE-21AD-BDCEA748D05C}.Debug|Any CPU.Build.0 = Debug|Any CPU
		{68E3FA35-EA9A-EBAE-21AD-BDCEA748D05C}.Release|Any CPU.ActiveCfg = Release|Any CPU
		{68E3FA35-EA9A-EBAE-21AD-BDCEA748D05C}.Release|Any CPU.Build.0 = Release|Any CPU
		{46D23856-FAA6-0EFB-8512-0925EDE62841}.Debug|Any CPU.ActiveCfg = Debug|Any CPU
		{46D23856-FAA6-0EFB-8512-0925EDE62841}.Debug|Any CPU.Build.0 = Debug|Any CPU
		{46D23856-FAA6-0EFB-8512-0925EDE62841}.Release|Any CPU.ActiveCfg = Release|Any CPU
		{46D23856-FAA6-0EFB-8512-0925EDE62841}.Release|Any CPU.Build.0 = Release|Any CPU
		{578B1AF3-76DB-AF1E-2058-8116A9D3F143}.Debug|Any CPU.ActiveCfg = Debug|Any CPU
		{578B1AF3-76DB-AF1E-2058-8116A9D3F143}.Debug|Any CPU.Build.0 = Debug|Any CPU
		{578B1AF3-76DB-AF1E-2058-8116A9D3F143}.Release|Any CPU.ActiveCfg = Release|Any CPU
		{578B1AF3-76DB-AF1E-2058-8116A9D3F143}.Release|Any CPU.Build.0 = Release|Any CPU
		{E292FE93-A4DA-2A14-5541-21A4031F6B54}.Debug|Any CPU.ActiveCfg = Debug|Any CPU
		{E292FE93-A4DA-2A14-5541-21A4031F6B54}.Debug|Any CPU.Build.0 = Debug|Any CPU
		{E292FE93-A4DA-2A14-5541-21A4031F6B54}.Release|Any CPU.ActiveCfg = Release|Any CPU
		{E292FE93-A4DA-2A14-5541-21A4031F6B54}.Release|Any CPU.Build.0 = Release|Any CPU
		{DE298950-9B07-5701-2FD4-6B7FC90E5A33}.Debug|Any CPU.ActiveCfg = Debug|Any CPU
		{DE298950-9B07-5701-2FD4-6B7FC90E5A33}.Debug|Any CPU.Build.0 = Debug|Any CPU
		{DE298950-9B07-5701-2FD4-6B7FC90E5A33}.Release|Any CPU.ActiveCfg = Release|Any CPU
		{DE298950-9B07-5701-2FD4-6B7FC90E5A33}.Release|Any CPU.Build.0 = Release|Any CPU
	EndGlobalSection
	GlobalSection(SolutionProperties) = preSolution
		HideSolutionNode = FALSE
	EndGlobalSection
EndGlobal
